
Microsoft Visual Studio Solution File, Format Version 12.00
# Visual Studio Version 17
VisualStudioVersion = 17.5.002.0
MinimumVisualStudioVersion = 10.0.40219.1
Project("{9A19103F-16F7-4668-BE54-9A1E7A4F7556}") = "DesafioFundamentos", "DesafioFundamentos.csproj", "{76C951E2-E31E-4D8E-BA67-F22B3076AEBC}"
EndProject
Global
	GlobalSection(SolutionConfigurationPlatforms) = preSolution
		Debug|Any CPU = Debug|Any CPU
		Release|Any CPU = Release|Any CPU
	EndGlobalSection
	GlobalSection(ProjectConfigurationPlatforms) = postSolution
		{76C951E2-E31E-4D8E-BA67-F22B3076AEBC}.Debug|Any CPU.ActiveCfg = Debug|Any CPU
		{76C951E2-E31E-4D8E-BA67-F22B3076AEBC}.Debug|Any CPU.Build.0 = Debug|Any CPU
		{76C951E2-E31E-4D8E-BA67-F22B3076AEBC}.Release|Any CPU.ActiveCfg = Release|Any CPU
		{76C951E2-E31E-4D8E-BA67-F22B3076AEBC}.Release|Any CPU.Build.0 = Release|Any CPU
	EndGlobalSection
	GlobalSection(SolutionProperties) = preSolution
		HideSolutionNode = FALSE
	EndGlobalSection
	GlobalSection(ExtensibilityGlobals) = postSolution
		SolutionGuid = {60A17632-2C03-4510-8CD6-EB6A367867F6}
	EndGlobalSection
EndGlobal
